
Microsoft Visual Studio Solution File, Format Version 12.00
# Visual Studio Version 17
VisualStudioVersion = 17.10.34928.147
MinimumVisualStudioVersion = 10.0.40219.1
Project("{9A19103F-16F7-4668-BE54-9A1E7A4F7556}") = "Asterisk.MyTek", "Asterisk.MyTek\Asterisk.MyTek.csproj", "{4FA12DD5-E6E9-450A-855C-E19C97AA2556}"
EndProject
Global
	GlobalSection(SolutionConfigurationPlatforms) = preSolution
		Debug|Any CPU = Debug|Any CPU
		Release|Any CPU = Release|Any CPU
	EndGlobalSection
	GlobalSection(ProjectConfigurationPlatforms) = postSolution
		{4FA12DD5-E6E9-450A-855C-E19C97AA2556}.Debug|Any CPU.ActiveCfg = Debug|Any CPU
		{4FA12DD5-E6E9-450A-855C-E19C97AA2556}.Debug|Any CPU.Build.0 = Debug|Any CPU
		{4FA12DD5-E6E9-450A-855C-E19C97AA2556}.Release|Any CPU.ActiveCfg = Release|Any CPU
		{4FA12DD5-E6E9-450A-855C-E19C97AA2556}.Release|Any CPU.Build.0 = Release|Any CPU
	EndGlobalSection
	GlobalSection(SolutionProperties) = preSolution
		HideSolutionNode = FALSE
	EndGlobalSection
	GlobalSection(ExtensibilityGlobals) = postSolution
		SolutionGuid = {BA9F9FD4-84F0-4963-93C3-9971A4B197B6}
	EndGlobalSection
EndGlobal
